
Microsoft Visual Studio Solution File, Format Version 12.00
# Visual Studio Version 17
VisualStudioVersion = 17.11.35222.181
MinimumVisualStudioVersion = 10.0.40219.1
Project("{FAE04EC0-301F-11D3-BF4B-00C04F79EFBC}") = "Persistencia.API", "Persistencia.API\Persistencia.API.csproj", "{87F3C838-2149-4B0A-8DF0-951E539B7581}"
EndProject
Project("{FAE04EC0-301F-11D3-BF4B-00C04F79EFBC}") = "Compartilhado", "Compartilhado\Compartilhado.csproj", "{AB18AC83-5CF0-4B2B-B67F-B12E35FDEBF0}"
EndProject
Global
	GlobalSection(SolutionConfigurationPlatforms) = preSolution
		Debug|Any CPU = Debug|Any CPU
		Release|Any CPU = Release|Any CPU
	EndGlobalSection
	GlobalSection(ProjectConfigurationPlatforms) = postSolution
		{87F3C838-2149-4B0A-8DF0-951E539B7581}.Debug|Any CPU.ActiveCfg = Debug|Any CPU
		{87F3C838-2149-4B0A-8DF0-951E539B7581}.Debug|Any CPU.Build.0 = Debug|Any CPU
		{87F3C838-2149-4B0A-8DF0-951E539B7581}.Release|Any CPU.ActiveCfg = Release|Any CPU
		{87F3C838-2149-4B0A-8DF0-951E539B7581}.Release|Any CPU.Build.0 = Release|Any CPU
		{AB18AC83-5CF0-4B2B-B67F-B12E35FDEBF0}.Debug|Any CPU.ActiveCfg = Debug|Any CPU
		{AB18AC83-5CF0-4B2B-B67F-B12E35FDEBF0}.Debug|Any CPU.Build.0 = Debug|Any CPU
		{AB18AC83-5CF0-4B2B-B67F-B12E35FDEBF0}.Release|Any CPU.ActiveCfg = Release|Any CPU
		{AB18AC83-5CF0-4B2B-B67F-B12E35FDEBF0}.Release|Any CPU.Build.0 = Release|Any CPU
	EndGlobalSection
	GlobalSection(SolutionProperties) = preSolution
		HideSolutionNode = FALSE
	EndGlobalSection
	GlobalSection(ExtensibilityGlobals) = postSolution
		SolutionGuid = {97014345-9207-48CA-AB77-F5892D7BEA6C}
	EndGlobalSection
EndGlobal
